
Microsoft Visual Studio Solution File, Format Version 12.00
# Visual Studio Version 17
VisualStudioVersion = 17.1.32328.378
MinimumVisualStudioVersion = 10.0.40219.1
Project("{FAE04EC0-301F-11D3-BF4B-00C04F79EFBC}") = "BlazorWebAssembly_XestorTarefas.Server", "BlazorWebAssembly_XestorTarefas\Server\BlazorWebAssembly_XestorTarefas.Server.csproj", "{7ABE8584-0039-4064-AFFD-77AF85DBAD18}"
EndProject
Project("{FAE04EC0-301F-11D3-BF4B-00C04F79EFBC}") = "BlazorWebAssembly_XestorTarefas.Client", "BlazorWebAssembly_XestorTarefas\Client\BlazorWebAssembly_XestorTarefas.Client.csproj", "{2CFD3CAE-3C34-488C-B7F3-AAA964B41E4B}"
EndProject
Project("{FAE04EC0-301F-11D3-BF4B-00C04F79EFBC}") = "BlazorWebAssembly_XestorTarefas.Shared", "BlazorWebAssembly_XestorTarefas\Shared\BlazorWebAssembly_XestorTarefas.Shared.csproj", "{08869074-A205-441A-9D6A-53A58C2A8B45}"
EndProject
Global
	GlobalSection(SolutionConfigurationPlatforms) = preSolution
		Debug|Any CPU = Debug|Any CPU
		Release|Any CPU = Release|Any CPU
	EndGlobalSection
	GlobalSection(ProjectConfigurationPlatforms) = postSolution
		{7ABE8584-0039-4064-AFFD-77AF85DBAD18}.Debug|Any CPU.ActiveCfg = Debug|Any CPU
		{7ABE8584-0039-4064-AFFD-77AF85DBAD18}.Debug|Any CPU.Build.0 = Debug|Any CPU
		{7ABE8584-0039-4064-AFFD-77AF85DBAD18}.Release|Any CPU.ActiveCfg = Release|Any CPU
		{7ABE8584-0039-4064-AFFD-77AF85DBAD18}.Release|Any CPU.Build.0 = Release|Any CPU
		{2CFD3CAE-3C34-488C-B7F3-AAA964B41E4B}.Debug|Any CPU.ActiveCfg = Debug|Any CPU
		{2CFD3CAE-3C34-488C-B7F3-AAA964B41E4B}.Debug|Any CPU.Build.0 = Debug|Any CPU
		{2CFD3CAE-3C34-488C-B7F3-AAA964B41E4B}.Release|Any CPU.ActiveCfg = Release|Any CPU
		{2CFD3CAE-3C34-488C-B7F3-AAA964B41E4B}.Release|Any CPU.Build.0 = Release|Any CPU
		{08869074-A205-441A-9D6A-53A58C2A8B45}.Debug|Any CPU.ActiveCfg = Debug|Any CPU
		{08869074-A205-441A-9D6A-53A58C2A8B45}.Debug|Any CPU.Build.0 = Debug|Any CPU
		{08869074-A205-441A-9D6A-53A58C2A8B45}.Release|Any CPU.ActiveCfg = Release|Any CPU
		{08869074-A205-441A-9D6A-53A58C2A8B45}.Release|Any CPU.Build.0 = Release|Any CPU
	EndGlobalSection
	GlobalSection(SolutionProperties) = preSolution
		HideSolutionNode = FALSE
	EndGlobalSection
	GlobalSection(ExtensibilityGlobals) = postSolution
		SolutionGuid = {210D67C7-ABDF-44DB-8003-BA76069D4873}
	EndGlobalSection
EndGlobal
